
Microsoft Visual Studio Solution File, Format Version 12.00
# Visual Studio Version 17
VisualStudioVersion = 17.6.33829.357
MinimumVisualStudioVersion = 10.0.40219.1
Project("{8BC9CEB8-8B4A-11D0-8D11-00A0C91BC942}") = "lab_1", "lab_1\lab_1.vcxproj", "{8F66ACD5-085F-45A7-8206-B2CF5E981F41}"
EndProject
Project("{8BC9CEB8-8B4A-11D0-8D11-00A0C91BC942}") = "lab2", "lab2\lab2.vcxproj", "{3D7772FE-E67A-4834-9D01-A1C0EE353A15}"
EndProject
Project("{8BC9CEB8-8B4A-11D0-8D11-00A0C91BC942}") = "lab_3", "lab_3\lab_3.vcxproj", "{C9C7B72C-05B4-4D52-860F-6E756F7B1A96}"
EndProject
Global
	GlobalSection(SolutionConfigurationPlatforms) = preSolution
		Debug|x64 = Debug|x64
		Debug|x86 = Debug|x86
		Release|x64 = Release|x64
		Release|x86 = Release|x86
	EndGlobalSection
	GlobalSection(ProjectConfigurationPlatforms) = postSolution
		{8F66ACD5-085F-45A7-8206-B2CF5E981F41}.Debug|x64.ActiveCfg = Debug|x64
		{8F66ACD5-085F-45A7-8206-B2CF5E981F41}.Debug|x64.Build.0 = Debug|x64
		{8F66ACD5-085F-45A7-8206-B2CF5E981F41}.Debug|x86.ActiveCfg = Debug|Win32
		{8F66ACD5-085F-45A7-8206-B2CF5E981F41}.Debug|x86.Build.0 = Debug|Win32
		{8F66ACD5-085F-45A7-8206-B2CF5E981F41}.Release|x64.ActiveCfg = Release|x64
		{8F66ACD5-085F-45A7-8206-B2CF5E981F41}.Release|x64.Build.0 = Release|x64
		{8F66ACD5-085F-45A7-8206-B2CF5E981F41}.Release|x86.ActiveCfg = Release|Win32
		{8F66ACD5-085F-45A7-8206-B2CF5E981F41}.Release|x86.Build.0 = Release|Win32
		{3D7772FE-E67A-4834-9D01-A1C0EE353A15}.Debug|x64.ActiveCfg = Debug|x64
		{3D7772FE-E67A-4834-9D01-A1C0EE353A15}.Debug|x64.Build.0 = Debug|x64
		{3D7772FE-E67A-4834-9D01-A1C0EE353A15}.Debug|x86.ActiveCfg = Debug|Win32
		{3D7772FE-E67A-4834-9D01-A1C0EE353A15}.Debug|x86.Build.0 = Debug|Win32
		{3D7772FE-E67A-4834-9D01-A1C0EE353A15}.Release|x64.ActiveCfg = Release|x64
		{3D7772FE-E67A-4834-9D01-A1C0EE353A15}.Release|x64.Build.0 = Release|x64
		{3D7772FE-E67A-4834-9D01-A1C0EE353A15}.Release|x86.ActiveCfg = Release|Win32
		{3D7772FE-E67A-4834-9D01-A1C0EE353A15}.Release|x86.Build.0 = Release|Win32
		{C9C7B72C-05B4-4D52-860F-6E756F7B1A96}.Debug|x64.ActiveCfg = Debug|x64
		{C9C7B72C-05B4-4D52-860F-6E756F7B1A96}.Debug|x64.Build.0 = Debug|x64
		{C9C7B72C-05B4-4D52-860F-6E756F7B1A96}.Debug|x86.ActiveCfg = Debug|Win32
		{C9C7B72C-05B4-4D52-860F-6E756F7B1A96}.Debug|x86.Build.0 = Debug|Win32
		{C9C7B72C-05B4-4D52-860F-6E756F7B1A96}.Release|x64.ActiveCfg = Release|x64
		{C9C7B72C-05B4-4D52-860F-6E756F7B1A96}.Release|x64.Build.0 = Release|x64
		{C9C7B72C-05B4-4D52-860F-6E756F7B1A96}.Release|x86.ActiveCfg = Release|Win32
		{C9C7B72C-05B4-4D52-860F-6E756F7B1A96}.Release|x86.Build.0 = Release|Win32
	EndGlobalSection
	GlobalSection(SolutionProperties) = preSolution
		HideSolutionNode = FALSE
	EndGlobalSection
	GlobalSection(ExtensibilityGlobals) = postSolution
		SolutionGuid = {B06EB73F-BD4D-4FA4-AE3B-34CA19BED081}
	EndGlobalSection
EndGlobal
