
Microsoft Visual Studio Solution File, Format Version 12.00
# Visual Studio Version 17
VisualStudioVersion = 17.5.33414.496
MinimumVisualStudioVersion = 10.0.40219.1
Project("{8BC9CEB8-8B4A-11D0-8D11-00A0C91BC942}") = "lab1", "lab1\lab1.vcxproj", "{B20AD696-1E1E-4259-8DC8-BE8A8501F02D}"
EndProject
Project("{8BC9CEB8-8B4A-11D0-8D11-00A0C91BC942}") = "lab2", "lab2\lab2.vcxproj", "{B8AA7CB5-99F9-4625-8A79-AA716B0892EE}"
EndProject
Global
	GlobalSection(SolutionConfigurationPlatforms) = preSolution
		Debug|x64 = Debug|x64
		Debug|x86 = Debug|x86
		Release|x64 = Release|x64
		Release|x86 = Release|x86
	EndGlobalSection
	GlobalSection(ProjectConfigurationPlatforms) = postSolution
		{B20AD696-1E1E-4259-8DC8-BE8A8501F02D}.Debug|x64.ActiveCfg = Debug|x64
		{B20AD696-1E1E-4259-8DC8-BE8A8501F02D}.Debug|x64.Build.0 = Debug|x64
		{B20AD696-1E1E-4259-8DC8-BE8A8501F02D}.Debug|x86.ActiveCfg = Debug|Win32
		{B20AD696-1E1E-4259-8DC8-BE8A8501F02D}.Debug|x86.Build.0 = Debug|Win32
		{B20AD696-1E1E-4259-8DC8-BE8A8501F02D}.Release|x64.ActiveCfg = Release|x64
		{B20AD696-1E1E-4259-8DC8-BE8A8501F02D}.Release|x64.Build.0 = Release|x64
		{B20AD696-1E1E-4259-8DC8-BE8A8501F02D}.Release|x86.ActiveCfg = Release|Win32
		{B20AD696-1E1E-4259-8DC8-BE8A8501F02D}.Release|x86.Build.0 = Release|Win32
		{B8AA7CB5-99F9-4625-8A79-AA716B0892EE}.Debug|x64.ActiveCfg = Debug|x64
		{B8AA7CB5-99F9-4625-8A79-AA716B0892EE}.Debug|x64.Build.0 = Debug|x64
		{B8AA7CB5-99F9-4625-8A79-AA716B0892EE}.Debug|x86.ActiveCfg = Debug|Win32
		{B8AA7CB5-99F9-4625-8A79-AA716B0892EE}.Debug|x86.Build.0 = Debug|Win32
		{B8AA7CB5-99F9-4625-8A79-AA716B0892EE}.Release|x64.ActiveCfg = Release|x64
		{B8AA7CB5-99F9-4625-8A79-AA716B0892EE}.Release|x64.Build.0 = Release|x64
		{B8AA7CB5-99F9-4625-8A79-AA716B0892EE}.Release|x86.ActiveCfg = Release|Win32
		{B8AA7CB5-99F9-4625-8A79-AA716B0892EE}.Release|x86.Build.0 = Release|Win32
	EndGlobalSection
	GlobalSection(SolutionProperties) = preSolution
		HideSolutionNode = FALSE
	EndGlobalSection
	GlobalSection(ExtensibilityGlobals) = postSolution
		SolutionGuid = {FBA02E65-9C81-4AD7-92CC-9E055FD9AF07}
	EndGlobalSection
EndGlobal
